
Microsoft Visual Studio Solution File, Format Version 12.00
# Visual Studio Version 16
VisualStudioVersion = 16.0.31313.79
MinimumVisualStudioVersion = 10.0.40219.1
Project("{FAE04EC0-301F-11D3-BF4B-00C04F79EFBC}") = "PrestamosEjercicio", "PrestamosEjercicio\PrestamosEjercicio.csproj", "{BF2EDC42-E9E0-4A82-BA3C-6F1F26970E32}"
EndProject
Global
	GlobalSection(SolutionConfigurationPlatforms) = preSolution
		Debug|Any CPU = Debug|Any CPU
		Release|Any CPU = Release|Any CPU
	EndGlobalSection
	GlobalSection(ProjectConfigurationPlatforms) = postSolution
		{BF2EDC42-E9E0-4A82-BA3C-6F1F26970E32}.Debug|Any CPU.ActiveCfg = Debug|Any CPU
		{BF2EDC42-E9E0-4A82-BA3C-6F1F26970E32}.Debug|Any CPU.Build.0 = Debug|Any CPU
		{BF2EDC42-E9E0-4A82-BA3C-6F1F26970E32}.Release|Any CPU.ActiveCfg = Release|Any CPU
		{BF2EDC42-E9E0-4A82-BA3C-6F1F26970E32}.Release|Any CPU.Build.0 = Release|Any CPU
	EndGlobalSection
	GlobalSection(SolutionProperties) = preSolution
		HideSolutionNode = FALSE
	EndGlobalSection
	GlobalSection(ExtensibilityGlobals) = postSolution
		SolutionGuid = {AD63A547-FF04-4843-A127-BD87D516EB2A}
	EndGlobalSection
EndGlobal
